version = 1
requires-python = ">=3.11"

[[package]]
name = "aes-encryption-api"
version = "0.1.0"
source = { editable = "." }
dependencies = [
    { name = "cryptography" },
    { name = "fastapi" },
    { name = "pydantic" },
    { name = "python-dotenv" },
    { name = "uvicorn" },
]

[package.metadata]
requires-dist = [
    { name = "cryptography", specifier = "==42.0.2" },
    { name = "fastapi", specifier = "==0.109.2" },
    { name = "pydantic", specifier = "==2.6.1" },
    { name = "python-dotenv", specifier = "==1.0.1" },
    { name = "uvicorn", specifier = "==0.27.1" },
]

[[package]]
name = "annotated-types"
version = "0.7.0"
source = { registry = "https://pypi.org/simple" }
sdist = { url = "https://files.pythonhosted.org/packages/ee/67/531ea369ba64dcff5ec9c3402f9f51bf748cec26dde048a2f973a4eea7f5/annotated_types-0.7.0.tar.gz", hash = "sha256:aff07c09a53a08bc8cfccb9c85b05f1aa9a2a6f23728d790723543408344ce89", size = 16081 }
wheels = [
    { url = "https://files.pythonhosted.org/packages/78/b6/6307fbef88d9b5ee7421e68d78a9f162e0da4900bc5f5793f6d3d0e34fb8/annotated_types-0.7.0-py3-none-any.whl", hash = "sha256:1f02e8b43a8fbbc3f3e0d4f0f4bfc8131bcb4eebe8849b8e5c773f3a1c582a53", size = 13643 },
]

[[package]]
name = "anyio"
version = "4.9.0"
source = { registry = "https://pypi.org/simple" }
dependencies = [
    { name = "idna" },
    { name = "sniffio" },
    { name = "typing-extensions", marker = "python_full_version < '3.13'" },
]
sdist = { url = "https://files.pythonhosted.org/packages/95/7d/4c1bd541d4dffa1b52bd83fb8527089e097a106fc90b467a7313b105f840/anyio-4.9.0.tar.gz", hash = "sha256:673c0c244e15788651a4ff38710fea9675823028a6f08a5eda409e0c9840a028", size = 190949 }
wheels = [
    { url = "https://files.pythonhosted.org/packages/a1/ee/48ca1a7c89ffec8b6a0c5d02b89c305671d5ffd8d3c94acf8b8c408575bb/anyio-4.9.0-py3-none-any.whl", hash = "sha256:9f76d541cad6e36af7beb62e978876f3b41e3e04f2c1fbf0884604c0a9c4d93c", size = 100916 },
]

[[package]]
name = "cffi"
version = "1.17.1"
source = { registry = "https://pypi.org/simple" }
dependencies = [
    { name = "pycparser" },
]
sdist = { url = "https://files.pythonhosted.org/packages/fc/97/c783634659c2920c3fc70419e3af40972dbaf758daa229a7d6ea6135c90d/cffi-1.17.1.tar.gz", hash = "sha256:1c39c6016c32bc48dd54561950ebd6836e1670f2ae46128f67cf49e789c52824", size = 516621 }
wheels = [
    { url = "https://files.pythonhosted.org/packages/6b/f4/927e3a8899e52a27fa57a48607ff7dc91a9ebe97399b357b85a0c7892e00/cffi-1.17.1-cp311-cp311-macosx_10_9_x86_64.whl", hash = "sha256:a45e3c6913c5b87b3ff120dcdc03f6131fa0065027d0ed7ee6190736a74cd401", size = 182264 },
    { url = "https://files.pythonhosted.org/packages/6c/f5/6c3a8efe5f503175aaddcbea6ad0d2c96dad6f5abb205750d1b3df44ef29/cffi-1.17.1-cp311-cp311-macosx_11_0_arm64.whl", hash = "sha256:30c5e0cb5ae493c04c8b42916e52ca38079f1b235c2f8ae5f4527b963c401caf", size = 178651 },
    { url = "https://files.pythonhosted.org/packages/94/dd/a3f0118e688d1b1a57553da23b16bdade96d2f9bcda4d32e7d2838047ff7/cffi-1.17.1-cp311-cp311-manylinux_2_12_i686.manylinux2010_i686.manylinux_2_17_i686.manylinux2014_i686.whl", hash = "sha256:f75c7ab1f9e4aca5414ed4d8e5c0e303a34f4421f8a0d47a4d019ceff0ab6af4", size = 445259 },
    { url = "https://files.pythonhosted.org/packages/2e/ea/70ce63780f096e16ce8588efe039d3c4f91deb1dc01e9c73a287939c79a6/cffi-1.17.1-cp311-cp311-manylinux_2_17_aarch64.manylinux2014_aarch64.whl", hash = "sha256:a1ed2dd2972641495a3ec98445e09766f077aee98a1c896dcb4ad0d303628e41", size = 469200 },
    { url = "https://files.pythonhosted.org/packages/1c/a0/a4fa9f4f781bda074c3ddd57a572b060fa0df7655d2a4247bbe277200146/cffi-1.17.1-cp311-cp311-manylinux_2_17_ppc64le.manylinux2014_ppc64le.whl", hash = "sha256:46bf43160c1a35f7ec506d254e5c890f3c03648a4dbac12d624e4490a7046cd1", size = 477235 },
    { url = "https://files.pythonhosted.org/packages/62/12/ce8710b5b8affbcdd5c6e367217c242524ad17a02fe5beec3ee339f69f85/cffi-1.17.1-cp311-cp311-manylinux_2_17_s390x.manylinux2014_s390x.whl", hash = "sha256:a24ed04c8ffd54b0729c07cee15a81d964e6fee0e3d4d342a27b020d22959dc6", size = 459721 },
    { url = "https://files.pythonhosted.org/packages/ff/6b/d45873c5e0242196f042d555526f92aa9e0c32355a1be1ff8c27f077fd37/cffi-1.17.1-cp311-cp311-manylinux_2_17_x86_64.manylinux2014_x86_64.whl", hash = "sha256:610faea79c43e44c71e1ec53a554553fa22321b65fae24889706c0a84d4ad86d", size = 467242 },
    { url = "https://files.pythonhosted.org/packages/1a/52/d9a0e523a572fbccf2955f5abe883cfa8bcc570d7faeee06336fbd50c9fc/cffi-1.17.1-cp311-cp311-musllinux_1_1_aarch64.whl", hash = "sha256:a9b15d491f3ad5d692e11f6b71f7857e7835eb677955c00cc0aefcd0669adaf6", size = 477999 },
    { url = "https://files.pythonhosted.org/packages/44/74/f2a2460684a1a2d00ca799ad880d54652841a780c4c97b87754f660c7603/cffi-1.17.1-cp311-cp311-musllinux_1_1_i686.whl", hash = "sha256:de2ea4b5833625383e464549fec1bc395c1bdeeb5f25c4a3a82b5a8c756ec22f", size = 454242 },
    { url = "https://files.pythonhosted.org/packages/f8/4a/34599cac7dfcd888ff54e801afe06a19c17787dfd94495ab0c8d35fe99fb/cffi-1.17.1-cp311-cp311-musllinux_1_1_x86_64.whl", hash = "sha256:fc48c783f9c87e60831201f2cce7f3b2e4846bf4d8728eabe54d60700b318a0b", size = 478604 },
    { url = "https://files.pythonhosted.org/packages/34/33/e1b8a1ba29025adbdcda5fb3a36f94c03d771c1b7b12f726ff7fef2ebe36/cffi-1.17.1-cp311-cp311-win32.whl", hash = "sha256:85a950a4ac9c359340d5963966e3e0a94a676bd6245a4b55bc43949eee26a655", size = 171727 },
    { url = "https://files.pythonhosted.org/packages/3d/97/50228be003bb2802627d28ec0627837ac0bf35c90cf769812056f235b2d1/cffi-1.17.1-cp311-cp311-win_amd64.whl", hash = "sha256:caaf0640ef5f5517f49bc275eca1406b0ffa6aa184892812030f04c2abf589a0", size = 181400 },
    { url = "https://files.pythonhosted.org/packages/5a/84/e94227139ee5fb4d600a7a4927f322e1d4aea6fdc50bd3fca8493caba23f/cffi-1.17.1-cp312-cp312-macosx_10_9_x86_64.whl", hash = "sha256:805b4371bf7197c329fcb3ead37e710d1bca9da5d583f5073b799d5c5bd1eee4", size = 183178 },
    { url = "https://files.pythonhosted.org/packages/da/ee/fb72c2b48656111c4ef27f0f91da355e130a923473bf5ee75c5643d00cca/cffi-1.17.1-cp312-cp312-macosx_11_0_arm64.whl", hash = "sha256:733e99bc2df47476e3848417c5a4540522f234dfd4ef3ab7fafdf555b082ec0c", size = 178840 },
    { url = "https://files.pythonhosted.org/packages/cc/b6/db007700f67d151abadf508cbfd6a1884f57eab90b1bb985c4c8c02b0f28/cffi-1.17.1-cp312-cp312-manylinux_2_12_i686.manylinux2010_i686.manylinux_2_17_i686.manylinux2014_i686.whl", hash = "sha256:1257bdabf294dceb59f5e70c64a3e2f462c30c7ad68092d01bbbfb1c16b1ba36", size = 454803 },
    { url = "https://files.pythonhosted.org/packages/1a/df/f8d151540d8c200eb1c6fba8cd0dfd40904f1b0682ea705c36e6c2e97ab3/cffi-1.17.1-cp312-cp312-manylinux_2_17_aarch64.manylinux2014_aarch64.whl", hash = "sha256:da95af8214998d77a98cc14e3a3bd00aa191526343078b530ceb0bd710fb48a5", size = 478850 },
    { url = "https://files.pythonhosted.org/packages/28/c0/b31116332a547fd2677ae5b78a2ef662dfc8023d67f41b2a83f7c2aa78b1/cffi-1.17.1-cp312-cp312-manylinux_2_17_ppc64le.manylinux2014_ppc64le.whl", hash = "sha256:d63afe322132c194cf832bfec0dc69a99fb9bb6bbd550f161a49e9e855cc78ff", size = 485729 },
    { url = "https://files.pythonhosted.org/packages/91/2b/9a1ddfa5c7f13cab007a2c9cc295b70fbbda7cb10a286aa6810338e60ea1/cffi-1.17.1-cp312-cp312-manylinux_2_17_s390x.manylinux2014_s390x.whl", hash = "sha256:f79fc4fc25f1c8698ff97788206bb3c2598949bfe0fef03d299eb1b5356ada99", size = 471256 },
    { url = "https://files.pythonhosted.org/packages/b2/d5/da47df7004cb17e4955df6a43d14b3b4ae77737dff8bf7f8f333196717bf/cffi-1.17.1-cp312-cp312-manylinux_2_17_x86_64.manylinux2014_x86_64.whl", hash = "sha256:b62ce867176a75d03a665bad002af8e6d54644fad99a3c70905c543130e39d93", size = 479424 },
    { url = "https://files.pythonhosted.org/packages/0b/ac/2a28bcf513e93a219c8a4e8e125534f4f6db03e3179ba1c45e949b76212c/cffi-1.17.1-cp312-cp312-musllinux_1_1_aarch64.whl", hash = "sha256:386c8bf53c502fff58903061338ce4f4950cbdcb23e2902d86c0f722b786bbe3", size = 484568 },
    { url = "https://files.pythonhosted.org/packages/d4/38/ca8a4f639065f14ae0f1d9751e70447a261f1a30fa7547a828ae08142465/cffi-1.17.1-cp312-cp312-musllinux_1_1_x86_64.whl", hash = "sha256:4ceb10419a9adf4460ea14cfd6bc43d08701f0835e979bf821052f1805850fe8", size = 488736 },
    { url = "https://files.pythonhosted.org/packages/86/c5/28b2d6f799ec0bdecf44dced2ec5ed43e0eb63097b0f58c293583b406582/cffi-1.17.1-cp312-cp312-win32.whl", hash = "sha256:a08d7e755f8ed21095a310a693525137cfe756ce62d066e53f502a83dc550f65", size = 172448 },
    { url = "https://files.pythonhosted.org/packages/50/b9/db34c4755a7bd1cb2d1603ac3863f22bcecbd1ba29e5ee841a4bc510b294/cffi-1.17.1-cp312-cp312-win_amd64.whl", hash = "sha256:51392eae71afec0d0c8fb1a53b204dbb3bcabcb3c9b807eedf3e1e6ccf2de903", size = 181976 },
    { url = "https://files.pythonhosted.org/packages/8d/f8/dd6c246b148639254dad4d6803eb6a54e8c85c6e11ec9df2cffa87571dbe/cffi-1.17.1-cp313-cp313-macosx_10_13_x86_64.whl", hash = "sha256:f3a2b4222ce6b60e2e8b337bb9596923045681d71e5a082783484d845390938e", size = 182989 },
    { url = "https://files.pythonhosted.org/packages/8b/f1/672d303ddf17c24fc83afd712316fda78dc6fce1cd53011b839483e1ecc8/cffi-1.17.1-cp313-cp313-macosx_11_0_arm64.whl", hash = "sha256:0984a4925a435b1da406122d4d7968dd861c1385afe3b45ba82b750f229811e2", size = 178802 },
    { url = "https://files.pythonhosted.org/packages/0e/2d/eab2e858a91fdff70533cab61dcff4a1f55ec60425832ddfdc9cd36bc8af/cffi-1.17.1-cp313-cp313-manylinux_2_12_i686.manylinux2010_i686.manylinux_2_17_i686.manylinux2014_i686.whl", hash = "sha256:d01b12eeeb4427d3110de311e1774046ad344f5b1a7403101878976ecd7a10f3", size = 454792 },
    { url = "https://files.pythonhosted.org/packages/75/b2/fbaec7c4455c604e29388d55599b99ebcc250a60050610fadde58932b7ee/cffi-1.17.1-cp313-cp313-manylinux_2_17_aarch64.manylinux2014_aarch64.whl", hash = "sha256:706510fe141c86a69c8ddc029c7910003a17353970cff3b904ff0686a5927683", size = 478893 },
    { url = "https://files.pythonhosted.org/packages/4f/b7/6e4a2162178bf1935c336d4da8a9352cccab4d3a5d7914065490f08c0690/cffi-1.17.1-cp313-cp313-manylinux_2_17_ppc64le.manylinux2014_ppc64le.whl", hash = "sha256:de55b766c7aa2e2a3092c51e0483d700341182f08e67c63630d5b6f200bb28e5", size = 485810 },
    { url = "https://files.pythonhosted.org/packages/c7/8a/1d0e4a9c26e54746dc08c2c6c037889124d4f59dffd853a659fa545f1b40/cffi-1.17.1-cp313-cp313-manylinux_2_17_s390x.manylinux2014_s390x.whl", hash = "sha256:c59d6e989d07460165cc5ad3c61f9fd8f1b4796eacbd81cee78957842b834af4", size = 471200 },
    { url = "https://files.pythonhosted.org/packages/26/9f/1aab65a6c0db35f43c4d1b4f580e8df53914310afc10ae0397d29d697af4/cffi-1.17.1-cp313-cp313-manylinux_2_17_x86_64.manylinux2014_x86_64.whl", hash = "sha256:dd398dbc6773384a17fe0d3e7eeb8d1a21c2200473ee6806bb5e6a8e62bb73dd", size = 479447 },
    { url = "https://files.pythonhosted.org/packages/5f/e4/fb8b3dd8dc0e98edf1135ff067ae070bb32ef9d509d6cb0f538cd6f7483f/cffi-1.17.1-cp313-cp313-musllinux_1_1_aarch64.whl", hash = "sha256:3edc8d958eb099c634dace3c7e16560ae474aa3803a5df240542b305d14e14ed", size = 484358 },
    { url = "https://files.pythonhosted.org/packages/f1/47/d7145bf2dc04684935d57d67dff9d6d795b2ba2796806bb109864be3a151/cffi-1.17.1-cp313-cp313-musllinux_1_1_x86_64.whl", hash = "sha256:72e72408cad3d5419375fc87d289076ee319835bdfa2caad331e377589aebba9", size = 488469 },
    { url = "https://files.pythonhosted.org/packages/bf/ee/f94057fa6426481d663b88637a9a10e859e492c73d0384514a17d78ee205/cffi-1.17.1-cp313-cp313-win32.whl", hash = "sha256:e03eab0a8677fa80d646b5ddece1cbeaf556c313dcfac435ba11f107ba117b5d", size = 172475 },
    { url = "https://files.pythonhosted.org/packages/7c/fc/6a8cb64e5f0324877d503c854da15d76c1e50eb722e320b15345c4d0c6de/cffi-1.17.1-cp313-cp313-win_amd64.whl", hash = "sha256:f6a16c31041f09ead72d69f583767292f750d24913dadacf5756b966aacb3f1a", size = 182009 },
]

[[package]]
name = "click"
version = "8.2.0"
source = { registry = "https://pypi.org/simple" }
dependencies = [
    { name = "colorama", marker = "platform_system == 'Windows'" },
]
sdist = { url = "https://files.pythonhosted.org/packages/cd/0f/62ca20172d4f87d93cf89665fbaedcd560ac48b465bd1d92bfc7ea6b0a41/click-8.2.0.tar.gz", hash = "sha256:f5452aeddd9988eefa20f90f05ab66f17fce1ee2a36907fd30b05bbb5953814d", size = 235857 }
wheels = [
    { url = "https://files.pythonhosted.org/packages/a2/58/1f37bf81e3c689cc74ffa42102fa8915b59085f54a6e4a80bc6265c0f6bf/click-8.2.0-py3-none-any.whl", hash = "sha256:6b303f0b2aa85f1cb4e5303078fadcbcd4e476f114fab9b5007005711839325c", size = 102156 },
]

[[package]]
name = "colorama"
version = "0.4.6"
source = { registry = "https://pypi.org/simple" }
sdist = { url = "https://files.pythonhosted.org/packages/d8/53/6f443c9a4a8358a93a6792e2acffb9d9d5cb0a5cfd8802644b7b1c9a02e4/colorama-0.4.6.tar.gz", hash = "sha256:08695f5cb7ed6e0531a20572697297273c47b8cae5a63ffc6d6ed5c201be6e44", size = 27697 }
wheels = [
    { url = "https://files.pythonhosted.org/packages/d1/d6/3965ed04c63042e047cb6a3e6ed1a63a35087b6a609aa3a15ed8ac56c221/colorama-0.4.6-py2.py3-none-any.whl", hash = "sha256:4f1d9991f5acc0ca119f9d443620b77f9d6b33703e51011c16baf57afb285fc6", size = 25335 },
]

[[package]]
name = "cryptography"
version = "42.0.2"
source = { registry = "https://pypi.org/simple" }
dependencies = [
    { name = "cffi", marker = "platform_python_implementation != 'PyPy'" },
]
sdist = { url = "https://files.pythonhosted.org/packages/0f/6f/40f1b5c6bafc809dd21a9e577458ecc1d8062a7e10148d140f402b535eaa/cryptography-42.0.2.tar.gz", hash = "sha256:e0ec52ba3c7f1b7d813cd52649a5b3ef1fc0d433219dc8c93827c57eab6cf888", size = 672761 }
wheels = [
    { url = "https://files.pythonhosted.org/packages/f3/cd/e76223293a9c1c668e6de1c5400276a710f8fb5c69da1b07a6e66bbb45ae/cryptography-42.0.2-cp37-abi3-macosx_10_12_universal2.whl", hash = "sha256:701171f825dcab90969596ce2af253143b93b08f1a716d4b2a9d2db5084ef7be", size = 5873064 },
    { url = "https://files.pythonhosted.org/packages/9a/d8/cb66df54747a05218b9e0cfa1e7606d96b892750a173196139ac29fe3f2e/cryptography-42.0.2-cp37-abi3-macosx_10_12_x86_64.whl", hash = "sha256:61321672b3ac7aade25c40449ccedbc6db72c7f5f0fdf34def5e2f8b51ca530d", size = 3098117 },
    { url = "https://files.pythonhosted.org/packages/b1/85/11c92b74d7560cb2725653b49f54129c7284748bc56119a6dbabcaf51d05/cryptography-42.0.2-cp37-abi3-manylinux_2_17_aarch64.manylinux2014_aarch64.whl", hash = "sha256:ea2c3ffb662fec8bbbfce5602e2c159ff097a4631d96235fcf0fb00e59e3ece4", size = 4449741 },
    { url = "https://files.pythonhosted.org/packages/d2/f6/a506b5a7b73253c450fab89c882b635cd0038adcc8e83e9729219d68f597/cryptography-42.0.2-cp37-abi3-manylinux_2_17_x86_64.manylinux2014_x86_64.whl", hash = "sha256:3b15c678f27d66d247132cbf13df2f75255627bcc9b6a570f7d2fd08e8c081d2", size = 4639656 },
    { url = "https://files.pythonhosted.org/packages/0c/a8/b89bbf4eba7fedba5ed0963a9ad27c3b106622bb70f7c2bfae921cad6573/cryptography-42.0.2-cp37-abi3-manylinux_2_28_aarch64.whl", hash = "sha256:8e88bb9eafbf6a4014d55fb222e7360eef53e613215085e65a13290577394529", size = 4435737 },
    { url = "https://files.pythonhosted.org/packages/02/87/555b8e1b44386da3eacf5cf5a67c75e46224ca4c6213e4af152ac5941963/cryptography-42.0.2-cp37-abi3-manylinux_2_28_x86_64.whl", hash = "sha256:a047682d324ba56e61b7ea7c7299d51e61fd3bca7dad2ccc39b72bd0118d60a1", size = 4651427 },
    { url = "https://files.pythonhosted.org/packages/b8/ca/acd576a5e2cf16448c9c31ae72c0d389a12acd58bd190bf91bb6082ffc91/cryptography-42.0.2-cp37-abi3-musllinux_1_1_aarch64.whl", hash = "sha256:36d4b7c4be6411f58f60d9ce555a73df8406d484ba12a63549c88bd64f7967f1", size = 4551207 },
    { url = "https://files.pythonhosted.org/packages/2f/dc/74877e59e9d5f7014c833a93d4299925d3f4b0259131c930711061c3d51f/cryptography-42.0.2-cp37-abi3-musllinux_1_1_x86_64.whl", hash = "sha256:a00aee5d1b6c20620161984f8ab2ab69134466c51f58c052c11b076715e72929", size = 4725200 },
    { url = "https://files.pythonhosted.org/packages/af/4e/178466a513ff8c1aba7f56fafb169fe27af4c28df4b770cd2c30fa6fde5e/cryptography-42.0.2-cp37-abi3-musllinux_1_2_aarch64.whl", hash = "sha256:b97fe7d7991c25e6a31e5d5e795986b18fbbb3107b873d5f3ae6dc9a103278e9", size = 4525133 },
    { url = "https://files.pythonhosted.org/packages/0b/9a/4957ac93763929e0b5ea2222114ee86fcfcdacf915447978b3a1e5ac7323/cryptography-42.0.2-cp37-abi3-musllinux_1_2_x86_64.whl", hash = "sha256:5fa82a26f92871eca593b53359c12ad7949772462f887c35edaf36f87953c0e2", size = 4725090 },
    { url = "https://files.pythonhosted.org/packages/9b/db/c0e3c058e074baccf9f60904fb2c62d89e40cb5f3895eb0443be9040dfa0/cryptography-42.0.2-cp37-abi3-win32.whl", hash = "sha256:4b063d3413f853e056161eb0c7724822a9740ad3caa24b8424d776cebf98e7ee", size = 2425115 },
    { url = "https://files.pythonhosted.org/packages/8b/14/564e8c3ce8d87c88514e48b60949503ec9502f539f2f9bf3fc84725710a5/cryptography-42.0.2-cp37-abi3-win_amd64.whl", hash = "sha256:841ec8af7a8491ac76ec5a9522226e287187a3107e12b7d686ad354bb78facee", size = 2882354 },
    { url = "https://files.pythonhosted.org/packages/f4/06/4229967761a1daf385bdb09bcb11d3d40970a54b52e896b41f43065eecf6/cryptography-42.0.2-cp39-abi3-macosx_10_12_universal2.whl", hash = "sha256:55d1580e2d7e17f45d19d3b12098e352f3a37fe86d380bf45846ef257054b242", size = 5873845 },
    { url = "https://files.pythonhosted.org/packages/1a/36/4f5f60d9a94d1b4be9df2a15dc3394f4435e0119e15af8de6bd7fe4118ed/cryptography-42.0.2-cp39-abi3-manylinux_2_17_aarch64.manylinux2014_aarch64.whl", hash = "sha256:28cb2c41f131a5758d6ba6a0504150d644054fd9f3203a1e8e8d7ac3aea7f73a", size = 4451064 },
    { url = "https://files.pythonhosted.org/packages/5b/44/4c984f47a302236e1c76b721bfc8d407de9ab6620a9037c2de026d30c38f/cryptography-42.0.2-cp39-abi3-manylinux_2_17_x86_64.manylinux2014_x86_64.whl", hash = "sha256:b9097a208875fc7bbeb1286d0125d90bdfed961f61f214d3f5be62cd4ed8a446", size = 4639714 },
    { url = "https://files.pythonhosted.org/packages/61/dd/aecb8fe565b5c90a04bd5e564d0a42eadf33596b87ab87f75d986f06480f/cryptography-42.0.2-cp39-abi3-manylinux_2_28_aarch64.whl", hash = "sha256:44c95c0e96b3cb628e8452ec060413a49002a247b2b9938989e23a2c8291fc90", size = 4436761 },
    { url = "https://files.pythonhosted.org/packages/3c/72/fb557573cebcae88c6efe3a73981181384e08408c1125a8e97a7fb3edde4/cryptography-42.0.2-cp39-abi3-manylinux_2_28_x86_64.whl", hash = "sha256:2f9f14185962e6a04ab32d1abe34eae8a9001569ee4edb64d2304bf0d65c53f3", size = 4651832 },
    { url = "https://files.pythonhosted.org/packages/13/e0/529b44aac99133684311c4807d5eb7706c4acbffabd26ff1fa088ea59dad/cryptography-42.0.2-cp39-abi3-musllinux_1_1_aarch64.whl", hash = "sha256:09a77e5b2e8ca732a19a90c5bca2d124621a1edb5438c5daa2d2738bfeb02589", size = 4551019 },
    { url = "https://files.pythonhosted.org/packages/ef/9f/49de69b6b55b812b492824bb1e5f4e37bb6953886c4c3fe0062be240f7e7/cryptography-42.0.2-cp39-abi3-musllinux_1_1_x86_64.whl", hash = "sha256:ad28cff53f60d99a928dfcf1e861e0b2ceb2bc1f08a074fdd601b314e1cc9e0a", size = 4724932 },
    { url = "https://files.pythonhosted.org/packages/45/82/3da127b1b75ea24f09ad85bcef5a6a7526be795eec4077663cd3ff52d19d/cryptography-42.0.2-cp39-abi3-musllinux_1_2_aarch64.whl", hash = "sha256:130c0f77022b2b9c99d8cebcdd834d81705f61c68e91ddd614ce74c657f8b3ea", size = 4524963 },
    { url = "https://files.pythonhosted.org/packages/74/bb/f5e04bb44e7bfb88bb71ecb4d60a8dffaa19262c1ebe832250ee82e06de8/cryptography-42.0.2-cp39-abi3-musllinux_1_2_x86_64.whl", hash = "sha256:fa3dec4ba8fb6e662770b74f62f1a0c7d4e37e25b58b2bf2c1be4c95372b4a33", size = 4725412 },
    { url = "https://files.pythonhosted.org/packages/ab/0d/d9e256a6de07fb9d7f93934d9be92ab61ad003f86bf2e44d6001eee21d27/cryptography-42.0.2-cp39-abi3-win32.whl", hash = "sha256:3dbd37e14ce795b4af61b89b037d4bc157f2cb23e676fa16932185a04dfbf635", size = 2425996 },
    { url = "https://files.pythonhosted.org/packages/6d/3d/9ede0d37439a16263070739fbe2df7b44017696a685512fb1d379069ab6c/cryptography-42.0.2-cp39-abi3-win_amd64.whl", hash = "sha256:8a06641fb07d4e8f6c7dda4fc3f8871d327803ab6542e33831c7ccfdcb4d0ad6", size = 2884044 },
]

[[package]]
name = "fastapi"
version = "0.109.2"
source = { registry = "https://pypi.org/simple" }
dependencies = [
    { name = "pydantic" },
    { name = "starlette" },
    { name = "typing-extensions" },
]
sdist = { url = "https://files.pythonhosted.org/packages/01/d5/33a8992fe0e811211cd1cbc219cefa4732f9fb0555921346a59d1fec0040/fastapi-0.109.2.tar.gz", hash = "sha256:f3817eac96fe4f65a2ebb4baa000f394e55f5fccdaf7f75250804bc58f354f73", size = 11720963 }
wheels = [
    { url = "https://files.pythonhosted.org/packages/bf/97/60351307ab4502908d29f64f2801a36709a3f1888447bb328bc373d6ca0e/fastapi-0.109.2-py3-none-any.whl", hash = "sha256:2c9bab24667293b501cad8dd388c05240c850b58ec5876ee3283c47d6e1e3a4d", size = 92071 },
]

[[package]]
name = "h11"
version = "0.16.0"
source = { registry = "https://pypi.org/simple" }
sdist = { url = "https://files.pythonhosted.org/packages/01/ee/02a2c011bdab74c6fb3c75474d40b3052059d95df7e73351460c8588d963/h11-0.16.0.tar.gz", hash = "sha256:4e35b956cf45792e4caa5885e69fba00bdbc6ffafbfa020300e549b208ee5ff1", size = 101250 }
wheels = [
    { url = "https://files.pythonhosted.org/packages/04/4b/29cac41a4d98d144bf5f6d33995617b185d14b22401f75ca86f384e87ff1/h11-0.16.0-py3-none-any.whl", hash = "sha256:63cf8bbe7522de3bf65932fda1d9c2772064ffb3dae62d55932da54b31cb6c86", size = 37515 },
]

[[package]]
name = "idna"
version = "3.10"
source = { registry = "https://pypi.org/simple" }
sdist = { url = "https://files.pythonhosted.org/packages/f1/70/7703c29685631f5a7590aa73f1f1d3fa9a380e654b86af429e0934a32f7d/idna-3.10.tar.gz", hash = "sha256:12f65c9b470abda6dc35cf8e63cc574b1c52b11df2c86030af0ac09b01b13ea9", size = 190490 }
wheels = [
    { url = "https://files.pythonhosted.org/packages/76/c6/c88e154df9c4e1a2a66ccf0005a88dfb2650c1dffb6f5ce603dfbd452ce3/idna-3.10-py3-none-any.whl", hash = "sha256:946d195a0d259cbba61165e88e65941f16e9b36ea6ddb97f00452bae8b1287d3", size = 70442 },
]

[[package]]
name = "pycparser"
version = "2.22"
source = { registry = "https://pypi.org/simple" }
sdist = { url = "https://files.pythonhosted.org/packages/1d/b2/31537cf4b1ca988837256c910a668b553fceb8f069bedc4b1c826024b52c/pycparser-2.22.tar.gz", hash = "sha256:491c8be9c040f5390f5bf44a5b07752bd07f56edf992381b05c701439eec10f6", size = 172736 }
wheels = [
    { url = "https://files.pythonhosted.org/packages/13/a3/a812df4e2dd5696d1f351d58b8fe16a405b234ad2886a0dab9183fb78109/pycparser-2.22-py3-none-any.whl", hash = "sha256:c3702b6d3dd8c7abc1afa565d7e63d53a1d0bd86cdc24edd75470f4de499cfcc", size = 117552 },
]

[[package]]
name = "pydantic"
version = "2.6.1"
source = { registry = "https://pypi.org/simple" }
dependencies = [
    { name = "annotated-types" },
    { name = "pydantic-core" },
    { name = "typing-extensions" },
]
sdist = { url = "https://files.pythonhosted.org/packages/73/27/a17cc261bb974e929aa3b3365577e43c1c71c3dcd8669250613a7135cb8f/pydantic-2.6.1.tar.gz", hash = "sha256:4fd5c182a2488dc63e6d32737ff19937888001e2a6d86e94b3f233104a5d1fa9", size = 679826 }
wheels = [
    { url = "https://files.pythonhosted.org/packages/db/dc/afecbd9650f486889181c6d1a0d675b580c06253ea7e304588e4c7485bdb/pydantic-2.6.1-py3-none-any.whl", hash = "sha256:0b6a909df3192245cb736509a92ff69e4fef76116feffec68e93a567347bae6f", size = 394808 },
]

[[package]]
name = "pydantic-core"
version = "2.16.2"
source = { registry = "https://pypi.org/simple" }
dependencies = [
    { name = "typing-extensions" },
]
sdist = { url = "https://files.pythonhosted.org/packages/0d/72/64550ef171432f97d046118a9869ad774925c2f442589d5f6164b8288e85/pydantic_core-2.16.2.tar.gz", hash = "sha256:0ba503850d8b8dcc18391f10de896ae51d37fe5fe43dbfb6a35c5c5cad271a06", size = 368903 }
wheels = [
    { url = "https://files.pythonhosted.org/packages/f1/b4/488bf46ae6ed0b58b9fbaea0ea7f954eb60a63e1eae7e55d708cbd1857b8/pydantic_core-2.16.2-cp311-cp311-macosx_10_12_x86_64.whl", hash = "sha256:406fac1d09edc613020ce9cf3f2ccf1a1b2f57ab00552b4c18e3d5276c67eb11", size = 1929961 },
    { url = "https://files.pythonhosted.org/packages/95/5d/c67211ea18b4e1c69d55bdbd3013baad15b9347c3ca16265ab24760f8c02/pydantic_core-2.16.2-cp311-cp311-macosx_11_0_arm64.whl", hash = "sha256:ce232a6170dd6532096cadbf6185271e4e8c70fc9217ebe105923ac105da9978", size = 1744189 },
    { url = "https://files.pythonhosted.org/packages/ba/cd/7344e100c17c4751224fabd6025ded7729e900ac5866febadec05b209479/pydantic_core-2.16.2-cp311-cp311-manylinux_2_17_aarch64.manylinux2014_aarch64.whl", hash = "sha256:a90fec23b4b05a09ad988e7a4f4e081711a90eb2a55b9c984d8b74597599180f", size = 1891745 },
    { url = "https://files.pythonhosted.org/packages/39/58/ce51d07e025cf17fa9c2f66d9df5567ff573f52730e29592ac48c6db6bf7/pydantic_core-2.16.2-cp311-cp311-manylinux_2_17_armv7l.manylinux2014_armv7l.whl", hash = "sha256:8aafeedb6597a163a9c9727d8a8bd363a93277701b7bfd2749fbefee2396469e", size = 1913068 },
    { url = "https://files.pythonhosted.org/packages/57/f7/865b804e2e9a6a75d748e10e692ea644db40e4ce847534d2ea1725f05f89/pydantic_core-2.16.2-cp311-cp311-manylinux_2_17_ppc64le.manylinux2014_ppc64le.whl", hash = "sha256:9957433c3a1b67bdd4c63717eaf174ebb749510d5ea612cd4e83f2d9142f3fc8", size = 2058053 },
    { url = "https://files.pythonhosted.org/packages/21/5e/7e779ef485adadba583e832ef6418cea738b94fa4e1c1721083dae64ed60/pydantic_core-2.16.2-cp311-cp311-manylinux_2_17_s390x.manylinux2014_s390x.whl", hash = "sha256:b0d7a9165167269758145756db43a133608a531b1e5bb6a626b9ee24bc38a8f7", size = 3248851 },
    { url = "https://files.pythonhosted.org/packages/ad/03/1cac52dfe893109a1571956755061df771457f33cb55264baed8f89635d6/pydantic_core-2.16.2-cp311-cp311-manylinux_2_17_x86_64.manylinux2014_x86_64.whl", hash = "sha256:dffaf740fe2e147fedcb6b561353a16243e654f7fe8e701b1b9db148242e1272", size = 2184227 },
    { url = "https://files.pythonhosted.org/packages/dc/30/79e5864902c77e557effefcfa09fb9edee4fbacb0caf4d98608e8c2c4e93/pydantic_core-2.16.2-cp311-cp311-manylinux_2_5_i686.manylinux1_i686.whl", hash = "sha256:f8ed79883b4328b7f0bd142733d99c8e6b22703e908ec63d930b06be3a0e7113", size = 1968553 },
    { url = "https://files.pythonhosted.org/packages/a3/4d/61bf8fbd8b83019a82854371a748d520e86f232c48633a249923d9b0003b/pydantic_core-2.16.2-cp311-cp311-musllinux_1_1_aarch64.whl", hash = "sha256:cf903310a34e14651c9de056fcc12ce090560864d5a2bb0174b971685684e1d8", size = 2068483 },
    { url = "https://files.pythonhosted.org/packages/2e/20/4f9fd7a3a29dcd92851376b6fd1e9f2bd6fd54815909216d70a10001699a/pydantic_core-2.16.2-cp311-cp311-musllinux_1_1_x86_64.whl", hash = "sha256:46b0d5520dbcafea9a8645a8164658777686c5c524d381d983317d29687cce97", size = 2196878 },
    { url = "https://files.pythonhosted.org/packages/47/71/735b83f0f99885c64b10066f9f2a1f08ef3e0c6f220c853d929d3ca1141f/pydantic_core-2.16.2-cp311-none-win32.whl", hash = "sha256:70651ff6e663428cea902dac297066d5c6e5423fda345a4ca62430575364d62b", size = 1760151 },
    { url = "https://files.pythonhosted.org/packages/cb/5a/c8fdc6369f7b00ef15c97ec5c2d092e10f112982ea3747f364f2141e3702/pydantic_core-2.16.2-cp311-none-win_amd64.whl", hash = "sha256:98dc6f4f2095fc7ad277782a7c2c88296badcad92316b5a6e530930b1d475ebc", size = 1894797 },
    { url = "https://files.pythonhosted.org/packages/f7/80/70c27f16e11bcc316c657b7b51675d9fdbcf4505f5cc2023d90b602ecf31/pydantic_core-2.16.2-cp311-none-win_arm64.whl", hash = "sha256:ef6113cd31411eaf9b39fc5a8848e71c72656fd418882488598758b2c8c6dfa0", size = 1843100 },
    { url = "https://files.pythonhosted.org/packages/30/82/270241b7968faa47172ec66fcbca6a6d94612ab7559e78feaa958dea6c2d/pydantic_core-2.16.2-cp312-cp312-macosx_10_12_x86_64.whl", hash = "sha256:88646cae28eb1dd5cd1e09605680c2b043b64d7481cdad7f5003ebef401a3039", size = 1908771 },
    { url = "https://files.pythonhosted.org/packages/03/33/028e7a03a94b4a144532b4df9974070ed8c3e61e2b2421c514c25ce1774d/pydantic_core-2.16.2-cp312-cp312-macosx_11_0_arm64.whl", hash = "sha256:7b883af50eaa6bb3299780651e5be921e88050ccf00e3e583b1e92020333304b", size = 1714067 },
    { url = "https://files.pythonhosted.org/packages/71/b4/a73c5dc18a172821258a880a4f3b5c90075819759cf07e835e8a9db64490/pydantic_core-2.16.2-cp312-cp312-manylinux_2_17_aarch64.manylinux2014_aarch64.whl", hash = "sha256:7bf26c2e2ea59d32807081ad51968133af3025c4ba5753e6a794683d2c91bf6e", size = 1867493 },
    { url = "https://files.pythonhosted.org/packages/a3/b0/72132aa8e678a6cbb944e3ced09e79a8784c6bbdd15abfbd5fa470a8a083/pydantic_core-2.16.2-cp312-cp312-manylinux_2_17_armv7l.manylinux2014_armv7l.whl", hash = "sha256:99af961d72ac731aae2a1b55ccbdae0733d816f8bfb97b41909e143de735f522", size = 1880509 },
    { url = "https://files.pythonhosted.org/packages/c2/ab/68e9fe5fb81ad4ba1fd3d8889d01e3e588c22af24aba9f36e8106c265196/pydantic_core-2.16.2-cp312-cp312-manylinux_2_17_ppc64le.manylinux2014_ppc64le.whl", hash = "sha256:02906e7306cb8c5901a1feb61f9ab5e5c690dbbeaa04d84c1b9ae2a01ebe9379", size = 2046105 },
    { url = "https://files.pythonhosted.org/packages/46/37/1b48bf38a6e64880bf36f4df6ca9c26919ed9aa56bb546c4286b2e81b839/pydantic_core-2.16.2-cp312-cp312-manylinux_2_17_s390x.manylinux2014_s390x.whl", hash = "sha256:d5362d099c244a2d2f9659fb3c9db7c735f0004765bbe06b99be69fbd87c3f15", size = 3061413 },
    { url = "https://files.pythonhosted.org/packages/bd/03/c7f7083583748c2bb6d077320021cdca7d9e283cb84f1d9278b01ccf8543/pydantic_core-2.16.2-cp312-cp312-manylinux_2_17_x86_64.manylinux2014_x86_64.whl", hash = "sha256:3ac426704840877a285d03a445e162eb258924f014e2f074e209d9b4ff7bf380", size = 2173832 },
    { url = "https://files.pythonhosted.org/packages/62/7a/5437beeeac2b3fd244db76f20913d2e3d05e07d01ab297cc50343fcd5828/pydantic_core-2.16.2-cp312-cp312-manylinux_2_5_i686.manylinux1_i686.whl", hash = "sha256:b94cbda27267423411c928208e89adddf2ea5dd5f74b9528513f0358bba019cb", size = 1955384 },
    { url = "https://files.pythonhosted.org/packages/84/23/d6e5999854ad39f167197c227bbd18778e91445f32a7d75caf71ca7ddb19/pydantic_core-2.16.2-cp312-cp312-musllinux_1_1_aarch64.whl", hash = "sha256:6db58c22ac6c81aeac33912fb1af0e930bc9774166cdd56eade913d5f2fff35e", size = 2046515 },
    { url = "https://files.pythonhosted.org/packages/55/44/5f512e78f513757a165a3c815ca825d37ef343a18988d89bf2f28e4203ea/pydantic_core-2.16.2-cp312-cp312-musllinux_1_1_x86_64.whl", hash = "sha256:396fdf88b1b503c9c59c84a08b6833ec0c3b5ad1a83230252a9e17b7dfb4cffc", size = 2172410 },
    { url = "https://files.pythonhosted.org/packages/36/17/db524071f8e6a6ad48585c2cf90831f85507c083457ba7015d8c40840207/pydantic_core-2.16.2-cp312-none-win32.whl", hash = "sha256:7c31669e0c8cc68400ef0c730c3a1e11317ba76b892deeefaf52dcb41d56ed5d", size = 1761413 },
    { url = "https://files.pythonhosted.org/packages/d3/e7/13e9a66ce49a1e63119fb3c1e1a4d917b1326488cf9f0d8b007d8dc44f2a/pydantic_core-2.16.2-cp312-none-win_amd64.whl", hash = "sha256:a3b7352b48fbc8b446b75f3069124e87f599d25afb8baa96a550256c031bb890", size = 1853274 },
    { url = "https://files.pythonhosted.org/packages/bf/a5/bf082ad65298c46eaa8aea96829115a490e10580d4eb7e4795d49fbe839a/pydantic_core-2.16.2-cp312-none-win_arm64.whl", hash = "sha256:a9e523474998fb33f7c1a4d55f5504c908d57add624599e095c20fa575b8d943", size = 1840273 },
]

[[package]]
name = "python-dotenv"
version = "1.0.1"
source = { registry = "https://pypi.org/simple" }
sdist = { url = "https://files.pythonhosted.org/packages/bc/57/e84d88dfe0aec03b7a2d4327012c1627ab5f03652216c63d49846d7a6c58/python-dotenv-1.0.1.tar.gz", hash = "sha256:e324ee90a023d808f1959c46bcbc04446a10ced277783dc6ee09987c37ec10ca", size = 39115 }
wheels = [
    { url = "https://files.pythonhosted.org/packages/6a/3e/b68c118422ec867fa7ab88444e1274aa40681c606d59ac27de5a5588f082/python_dotenv-1.0.1-py3-none-any.whl", hash = "sha256:f7b63ef50f1b690dddf550d03497b66d609393b40b564ed0d674909a68ebf16a", size = 19863 },
]

[[package]]
name = "sniffio"
version = "1.3.1"
source = { registry = "https://pypi.org/simple" }
sdist = { url = "https://files.pythonhosted.org/packages/a2/87/a6771e1546d97e7e041b6ae58d80074f81b7d5121207425c964ddf5cfdbd/sniffio-1.3.1.tar.gz", hash = "sha256:f4324edc670a0f49750a81b895f35c3adb843cca46f0530f79fc1babb23789dc", size = 20372 }
wheels = [
    { url = "https://files.pythonhosted.org/packages/e9/44/75a9c9421471a6c4805dbf2356f7c181a29c1879239abab1ea2cc8f38b40/sniffio-1.3.1-py3-none-any.whl", hash = "sha256:2f6da418d1f1e0fddd844478f41680e794e6051915791a034ff65e5f100525a2", size = 10235 },
]

[[package]]
name = "starlette"
version = "0.36.3"
source = { registry = "https://pypi.org/simple" }
dependencies = [
    { name = "anyio" },
]
sdist = { url = "https://files.pythonhosted.org/packages/be/47/1bba49d42d63f4453f0a64a20acbf2d0bd2f5a8cde6a166ee66c074a08f8/starlette-0.36.3.tar.gz", hash = "sha256:90a671733cfb35771d8cc605e0b679d23b992f8dcfad48cc60b38cb29aeb7080", size = 2842113 }
wheels = [
    { url = "https://files.pythonhosted.org/packages/eb/f7/372e3953b6e6fbfe0b70a1bb52612eae16e943f4288516480860fcd4ac41/starlette-0.36.3-py3-none-any.whl", hash = "sha256:13d429aa93a61dc40bf503e8c801db1f1bca3dc706b10ef2434a36123568f044", size = 71481 },
]

[[package]]
name = "typing-extensions"
version = "4.13.2"
source = { registry = "https://pypi.org/simple" }
sdist = { url = "https://files.pythonhosted.org/packages/f6/37/23083fcd6e35492953e8d2aaaa68b860eb422b34627b13f2ce3eb6106061/typing_extensions-4.13.2.tar.gz", hash = "sha256:e6c81219bd689f51865d9e372991c540bda33a0379d5573cddb9a3a23f7caaef", size = 106967 }
wheels = [
    { url = "https://files.pythonhosted.org/packages/8b/54/b1ae86c0973cc6f0210b53d508ca3641fb6d0c56823f288d108bc7ab3cc8/typing_extensions-4.13.2-py3-none-any.whl", hash = "sha256:a439e7c04b49fec3e5d3e2beaa21755cadbbdc391694e28ccdd36ca4a1408f8c", size = 45806 },
]

[[package]]
name = "uvicorn"
version = "0.27.1"
source = { registry = "https://pypi.org/simple" }
dependencies = [
    { name = "click" },
    { name = "h11" },
]
sdist = { url = "https://files.pythonhosted.org/packages/09/d8/8aa69c76585035ca81851d99c3b00fd6be050aefd478a5376ff9fc5feb69/uvicorn-0.27.1.tar.gz", hash = "sha256:3d9a267296243532db80c83a959a3400502165ade2c1338dea4e67915fd4745a", size = 41151 }
wheels = [
    { url = "https://files.pythonhosted.org/packages/d9/fd/bac111726b6c651f1fa5563145ecba5ff70d36fb140a55e0d79b60b9d65e/uvicorn-0.27.1-py3-none-any.whl", hash = "sha256:5c89da2f3895767472a35556e539fd59f7edbe9b1e9c0e1c99eebeadc61838e4", size = 60809 },
]
